
Microsoft Visual Studio Solution File, Format Version 12.00
# Visual Studio Version 17
VisualStudioVersion = 17.0.31903.59
MinimumVisualStudioVersion = 10.0.40219.1
Project("{9A19103F-16F7-4668-BE54-9A1E7A4F7556}") = "lab-14.ConsoleUI", "lab-14.ConsoleUI\lab-14.ConsoleUI.csproj", "{BAA222CA-1389-4D17-84BF-138851CB8A8C}"
EndProject
Project("{9A19103F-16F7-4668-BE54-9A1E7A4F7556}") = "lab-14.Logic", "lab-14.Logic\lab-14.Logic.csproj", "{0EA8716B-50A0-4850-929F-AF532A016C19}"
EndProject
Project("{9A19103F-16F7-4668-BE54-9A1E7A4F7556}") = "lab-14.Persistence", "lab-14.Persistence\lab-14.Persistence.csproj", "{17F3D5CD-A45C-4C1B-B5EC-2A19E2CB590F}"
EndProject
Project("{9A19103F-16F7-4668-BE54-9A1E7A4F7556}") = "lab-14.Tests", "lab-14.Tests\lab-14.Tests.csproj", "{6CF125CE-2936-43AB-A569-E9B39B05C79B}"
EndProject
Project("{9A19103F-16F7-4668-BE54-9A1E7A4F7556}") = "lab-14.WebUI", "lab-14.WebUI\lab-14.WebUI.csproj", "{0B2C7992-8BC5-40ED-B9CB-5995811D5635}"
EndProject
Global
	GlobalSection(SolutionConfigurationPlatforms) = preSolution
		Debug|Any CPU = Debug|Any CPU
		Release|Any CPU = Release|Any CPU
	EndGlobalSection
	GlobalSection(ProjectConfigurationPlatforms) = postSolution
		{BAA222CA-1389-4D17-84BF-138851CB8A8C}.Debug|Any CPU.ActiveCfg = Debug|Any CPU
		{BAA222CA-1389-4D17-84BF-138851CB8A8C}.Debug|Any CPU.Build.0 = Debug|Any CPU
		{BAA222CA-1389-4D17-84BF-138851CB8A8C}.Release|Any CPU.ActiveCfg = Release|Any CPU
		{BAA222CA-1389-4D17-84BF-138851CB8A8C}.Release|Any CPU.Build.0 = Release|Any CPU
		{0EA8716B-50A0-4850-929F-AF532A016C19}.Debug|Any CPU.ActiveCfg = Debug|Any CPU
		{0EA8716B-50A0-4850-929F-AF532A016C19}.Debug|Any CPU.Build.0 = Debug|Any CPU
		{0EA8716B-50A0-4850-929F-AF532A016C19}.Release|Any CPU.ActiveCfg = Release|Any CPU
		{0EA8716B-50A0-4850-929F-AF532A016C19}.Release|Any CPU.Build.0 = Release|Any CPU
		{17F3D5CD-A45C-4C1B-B5EC-2A19E2CB590F}.Debug|Any CPU.ActiveCfg = Debug|Any CPU
		{17F3D5CD-A45C-4C1B-B5EC-2A19E2CB590F}.Debug|Any CPU.Build.0 = Debug|Any CPU
		{17F3D5CD-A45C-4C1B-B5EC-2A19E2CB590F}.Release|Any CPU.ActiveCfg = Release|Any CPU
		{17F3D5CD-A45C-4C1B-B5EC-2A19E2CB590F}.Release|Any CPU.Build.0 = Release|Any CPU
		{6CF125CE-2936-43AB-A569-E9B39B05C79B}.Debug|Any CPU.ActiveCfg = Debug|Any CPU
		{6CF125CE-2936-43AB-A569-E9B39B05C79B}.Debug|Any CPU.Build.0 = Debug|Any CPU
		{6CF125CE-2936-43AB-A569-E9B39B05C79B}.Release|Any CPU.ActiveCfg = Release|Any CPU
		{6CF125CE-2936-43AB-A569-E9B39B05C79B}.Release|Any CPU.Build.0 = Release|Any CPU
		{0B2C7992-8BC5-40ED-B9CB-5995811D5635}.Debug|Any CPU.ActiveCfg = Debug|Any CPU
		{0B2C7992-8BC5-40ED-B9CB-5995811D5635}.Debug|Any CPU.Build.0 = Debug|Any CPU
		{0B2C7992-8BC5-40ED-B9CB-5995811D5635}.Release|Any CPU.ActiveCfg = Release|Any CPU
		{0B2C7992-8BC5-40ED-B9CB-5995811D5635}.Release|Any CPU.Build.0 = Release|Any CPU
	EndGlobalSection
	GlobalSection(SolutionProperties) = preSolution
		HideSolutionNode = FALSE
	EndGlobalSection
	GlobalSection(ExtensibilityGlobals) = postSolution
		SolutionGuid = {9E9C433B-BFD6-44E9-A88D-F8F86A3E1FE9}
	EndGlobalSection
EndGlobal
